
Microsoft Visual Studio Solution File, Format Version 12.00
# Visual Studio Version 17
VisualStudioVersion = 17.8.34408.163
MinimumVisualStudioVersion = 10.0.40219.1
Project("{FAE04EC0-301F-11D3-BF4B-00C04F79EFBC}") = "Poliklinika3", "Poliklinika3\Poliklinika3.csproj", "{C2688741-C86F-47C7-BF66-7890F06161E6}"
EndProject
Global
	GlobalSection(SolutionConfigurationPlatforms) = preSolution
		Debug|Any CPU = Debug|Any CPU
		Release|Any CPU = Release|Any CPU
	EndGlobalSection
	GlobalSection(ProjectConfigurationPlatforms) = postSolution
		{C2688741-C86F-47C7-BF66-7890F06161E6}.Debug|Any CPU.ActiveCfg = Debug|Any CPU
		{C2688741-C86F-47C7-BF66-7890F06161E6}.Debug|Any CPU.Build.0 = Debug|Any CPU
		{C2688741-C86F-47C7-BF66-7890F06161E6}.Release|Any CPU.ActiveCfg = Release|Any CPU
		{C2688741-C86F-47C7-BF66-7890F06161E6}.Release|Any CPU.Build.0 = Release|Any CPU
	EndGlobalSection
	GlobalSection(SolutionProperties) = preSolution
		HideSolutionNode = FALSE
	EndGlobalSection
	GlobalSection(ExtensibilityGlobals) = postSolution
		SolutionGuid = {7853B927-4AEE-4ED6-9BFD-1EBF0D99A503}
	EndGlobalSection
EndGlobal
